github.com/danyo1399/gotils v0.0.1 h1:MATzBPFiKoMqpzhgwZVdq6T7tdWT+PIsXsMSB8uHjnM=
github.com/danyo1399/gotils v0.0.1/go.mod h1:0HrJZKxR+oz+i9NGk8vxbLUOZCyDeqPhyT4MI7EPC4Y=
github.com/danyo1399/moments v0.0.3 h1:rEeKsxRJiprOIAyI70hXH2imHdqpXmH4FlMFXW84UuA=
github.com/danyo1399/moments v0.0.3/go.mod h1:Qgzl+4ra/a7vX+j6DRgATa7/bj7jLiNcrJIKsDuwdo4=
github.com/danyo1399/moments v0.0.4 h1:VwgltCWZVGtTam28XqF9woTBLrKT8/tSRhigZcblTJ4=
github.com/danyo1399/moments v0.0.4/go.mod h1:Qgzl+4ra/a7vX+j6DRgATa7/bj7jLiNcrJIKsDuwdo4=
github.com/danyo1399/moments v0.0.5 h1:67JrLEZH91BNXpmqHux9U/eUdLnjQOn430jH6iNMWtk=
github.com/danyo1399/moments v0.0.5/go.mod h1:Qgzl+4ra/a7vX+j6DRgATa7/bj7jLiNcrJIKsDuwdo4=
github.com/danyo1399/moments v0.0.6 h1:yhbzLeF0PsyT94MfxtnDA6OB5c9EYfNn5j9mEJ8xZEI=
github.com/danyo1399/moments v0.0.6/go.mod h1:Qgzl+4ra/a7vX+j6DRgATa7/bj7jLiNcrJIKsDuwdo4=
github.com/danyo1399/moments v0.0.7 h1:CJMR+fDs2qoNavrxx/Ku2a6Amkx7kFDIf/PfMBhk2y0=
github.com/danyo1399/moments v0.0.7/go.mod h1:Qgzl+4ra/a7vX+j6DRgATa7/bj7jLiNcrJIKsDuwdo4=
github.com/danyo1399/moments v0.0.8 h1:YqCy3+LMtybW1Phf/ifMRLBf68X1ZNPZjBbEbumw2Gg=
github.com/danyo1399/moments v0.0.8/go.mod h1:Qgzl+4ra/a7vX+j6DRgATa7/bj7jLiNcrJIKsDuwdo4=
github.com/danyo1399/moments v0.0.9 h1:XtCyQlefsXs5cHUBYLX0ij2qdRZipmbS1TOUnC1bdFQ=
github.com/danyo1399/moments v0.0.9/go.mod h1:Qgzl+4ra/a7vX+j6DRgATa7/bj7jLiNcrJIKsDuwdo4=
github.com/danyo1399/moments v0.0.10 h1:PCaA1RkM9lGoauOHJAvjVteuUe0lxQCXj+GWZJMFYMc=
github.com/danyo1399/moments v0.0.10/go.mod h1:Qgzl+4ra/a7vX+j6DRgATa7/bj7jLiNcrJIKsDuwdo4=
github.com/danyo1399/moments v0.0.11 h1:ViXD8t0CQRX0/sE8Fv0U987mNrOLIa9xwjXiDBsUx3s=
github.com/danyo1399/moments v0.0.11/go.mod h1:Qgzl+4ra/a7vX+j6DRgATa7/bj7jLiNcrJIKsDuwdo4=
github.com/danyo1399/moments v0.0.12 h1:9D62Z+k/0b13oxzBNuxT04MTdMbmOqIv+BUfWXLmfkY=
github.com/danyo1399/moments v0.0.12/go.mod h1:Qgzl+4ra/a7vX+j6DRgATa7/bj7jLiNcrJIKsDuwdo4=
github.com/davecgh/go-spew v1.1.1 h1:vj9j/u1bqnvCEfJOwUhtlOARqs3+rkHYY13jYWTU97c=
github.com/davecgh/go-spew v1.1.1/go.mod h1:J7Y8YcW2NihsgmVo/mv3lAwl/skON4iLHjSsI+c5H38=
github.com/google/uuid v1.6.0 h1:NIvaJDMOsjHA8n1jAhLSgzrAzy1Hgr+hNrb57e+94F0=
github.com/google/uuid v1.6.0/go.mod h1:TIyPZe4MgqvfeYDBFedMoGGpEw/LqOeaOT+nhxU+yHo=
github.com/mattn/go-sqlite3 v1.14.28 h1:ThEiQrnbtumT+QMknw63Befp/ce/nUPgBPMlRFEum7A=
github.com/mattn/go-sqlite3 v1.14.28/go.mod h1:Uh1q+B4BYcTPb+yiD3kU8Ct7aC0hY9fxUwlHK0RXw+Y=
github.com/pmezard/go-difflib v1.0.0 h1:4DBwDE0NGyQoBHbLQYPwSUPoCMWR5BEzIk/f1lZbAQM=
github.com/pmezard/go-difflib v1.0.0/go.mod h1:iKH77koFhYxTK1pcRnkKkqfTogsbg7gZNVY4sRDYZ/4=
github.com/stretchr/testify v1.10.0 h1:Xv5erBjTwe/5IxqUQTdXv5kgmIvbHo3QQyRwhJsOfJA=
github.com/stretchr/testify v1.10.0/go.mod h1:r2ic/lqez/lEtzL7wO/rwa5dbSLXVDPFyf8C91i36aY=
gopkg.in/check.v1 v0.0.0-20161208181325-20d25e280405/go.mod h1:Co6ibVJAznAaIkqp8huTwlJQCZ016jof/cbN4VW5Yz0=
gopkg.in/yaml.v3 v3.0.1 h1:fxVm/GzAzEWqLHuvctI91KS9hhNmmWOoWu0XTYJS7CA=
gopkg.in/yaml.v3 v3.0.1/go.mod h1:K4uyk7z7BCEPqu6E+C64Yfv1cQ7kz7rIZviUmN+EgEM=
